
Microsoft Visual Studio Solution File, Format Version 12.00
# Visual Studio Version 17
VisualStudioVersion = 17.2.32616.157
MinimumVisualStudioVersion = 10.0.40219.1
Project("{2150E333-8FDC-42A3-9474-1A3956D46DE8}") = "src", "src", "{5E676BA6-EFA4-403D-9C2F-A47D801C6D5F}"
EndProject
Project("{2150E333-8FDC-42A3-9474-1A3956D46DE8}") = "test", "test", "{74D18AF3-E368-47B3-A161-13F7AB675B1B}"
EndProject
Project("{2150E333-8FDC-42A3-9474-1A3956D46DE8}") = "API", "API", "{39D73706-0A39-43D2-AE98-13F1F7F71E3C}"
EndProject
Project("{2150E333-8FDC-42A3-9474-1A3956D46DE8}") = "Core", "Core", "{79A3D31B-9279-4840-A080-2BBD4C1CF6F0}"
EndProject
Project("{2150E333-8FDC-42A3-9474-1A3956D46DE8}") = "Infrastructure", "Infrastructure", "{FE882F99-C8BF-4368-9BB7-88A16A99BC59}"
EndProject
Project("{2150E333-8FDC-42A3-9474-1A3956D46DE8}") = "UI", "UI", "{07197BDE-812C-4453-AF61-4BA6E8970ECB}"
EndProject
Project("{9A19103F-16F7-4668-BE54-9A1E7A4F7556}") = "Kolisetka.Domain", "Kolisetka.Domain\Kolisetka.Domain.csproj", "{4C0342A7-E648-4897-BBE1-4DBE030D1473}"
EndProject
Project("{9A19103F-16F7-4668-BE54-9A1E7A4F7556}") = "Kolisetka.Application", "Kolisetka.Application\Kolisetka.Application.csproj", "{8F4ED147-EED6-4F3E-B275-BD506D73F43E}"
EndProject
Project("{9A19103F-16F7-4668-BE54-9A1E7A4F7556}") = "Kolisetka.Infrastructure", "Kolisetka.Infrastructure\Kolisetka.Infrastructure.csproj", "{D96AA500-0786-4396-9EB3-40C7F74D44AB}"
EndProject
Project("{9A19103F-16F7-4668-BE54-9A1E7A4F7556}") = "Kolisetka.Persistence", "Kolisetka.Persistence\Kolisetka.Persistence.csproj", "{1786FEE0-7487-4B5F-B1B4-86D7637BFE9A}"
EndProject
Project("{9A19103F-16F7-4668-BE54-9A1E7A4F7556}") = "Kolisetka.Application.UnitTests", "Kolisetka.Application.UnitTests\Kolisetka.Application.UnitTests.csproj", "{C83A5D73-C8A8-49DE-B6FC-E74AC1D4D7D4}"
EndProject
Project("{9A19103F-16F7-4668-BE54-9A1E7A4F7556}") = "Kolisetka.API", "Kolisetka.API\Kolisetka.API.csproj", "{248B30AF-710F-48FB-9ADA-96027747B7BF}"
EndProject
Project("{FAE04EC0-301F-11D3-BF4B-00C04F79EFBC}") = "Kolisetka.MVC", "Kolisetka.MVC\Kolisetka.MVC.csproj", "{1A303DD8-FB31-4794-A8A4-69A6CDE73475}"
EndProject
Global
	GlobalSection(SolutionConfigurationPlatforms) = preSolution
		Debug|Any CPU = Debug|Any CPU
		Release|Any CPU = Release|Any CPU
	EndGlobalSection
	GlobalSection(ProjectConfigurationPlatforms) = postSolution
		{4C0342A7-E648-4897-BBE1-4DBE030D1473}.Debug|Any CPU.ActiveCfg = Debug|Any CPU
		{4C0342A7-E648-4897-BBE1-4DBE030D1473}.Debug|Any CPU.Build.0 = Debug|Any CPU
		{4C0342A7-E648-4897-BBE1-4DBE030D1473}.Release|Any CPU.ActiveCfg = Release|Any CPU
		{4C0342A7-E648-4897-BBE1-4DBE030D1473}.Release|Any CPU.Build.0 = Release|Any CPU
		{8F4ED147-EED6-4F3E-B275-BD506D73F43E}.Debug|Any CPU.ActiveCfg = Debug|Any CPU
		{8F4ED147-EED6-4F3E-B275-BD506D73F43E}.Debug|Any CPU.Build.0 = Debug|Any CPU
		{8F4ED147-EED6-4F3E-B275-BD506D73F43E}.Release|Any CPU.ActiveCfg = Release|Any CPU
		{8F4ED147-EED6-4F3E-B275-BD506D73F43E}.Release|Any CPU.Build.0 = Release|Any CPU
		{D96AA500-0786-4396-9EB3-40C7F74D44AB}.Debug|Any CPU.ActiveCfg = Debug|Any CPU
		{D96AA500-0786-4396-9EB3-40C7F74D44AB}.Debug|Any CPU.Build.0 = Debug|Any CPU
		{D96AA500-0786-4396-9EB3-40C7F74D44AB}.Release|Any CPU.ActiveCfg = Release|Any CPU
		{D96AA500-0786-4396-9EB3-40C7F74D44AB}.Release|Any CPU.Build.0 = Release|Any CPU
		{1786FEE0-7487-4B5F-B1B4-86D7637BFE9A}.Debug|Any CPU.ActiveCfg = Debug|Any CPU
		{1786FEE0-7487-4B5F-B1B4-86D7637BFE9A}.Debug|Any CPU.Build.0 = Debug|Any CPU
		{1786FEE0-7487-4B5F-B1B4-86D7637BFE9A}.Release|Any CPU.ActiveCfg = Release|Any CPU
		{1786FEE0-7487-4B5F-B1B4-86D7637BFE9A}.Release|Any CPU.Build.0 = Release|Any CPU
		{C83A5D73-C8A8-49DE-B6FC-E74AC1D4D7D4}.Debug|Any CPU.ActiveCfg = Debug|Any CPU
		{C83A5D73-C8A8-49DE-B6FC-E74AC1D4D7D4}.Debug|Any CPU.Build.0 = Debug|Any CPU
		{C83A5D73-C8A8-49DE-B6FC-E74AC1D4D7D4}.Release|Any CPU.ActiveCfg = Release|Any CPU
		{C83A5D73-C8A8-49DE-B6FC-E74AC1D4D7D4}.Release|Any CPU.Build.0 = Release|Any CPU
		{248B30AF-710F-48FB-9ADA-96027747B7BF}.Debug|Any CPU.ActiveCfg = Debug|Any CPU
		{248B30AF-710F-48FB-9ADA-96027747B7BF}.Debug|Any CPU.Build.0 = Debug|Any CPU
		{248B30AF-710F-48FB-9ADA-96027747B7BF}.Release|Any CPU.ActiveCfg = Release|Any CPU
		{248B30AF-710F-48FB-9ADA-96027747B7BF}.Release|Any CPU.Build.0 = Release|Any CPU
		{1A303DD8-FB31-4794-A8A4-69A6CDE73475}.Debug|Any CPU.ActiveCfg = Debug|Any CPU
		{1A303DD8-FB31-4794-A8A4-69A6CDE73475}.Debug|Any CPU.Build.0 = Debug|Any CPU
		{1A303DD8-FB31-4794-A8A4-69A6CDE73475}.Release|Any CPU.ActiveCfg = Release|Any CPU
		{1A303DD8-FB31-4794-A8A4-69A6CDE73475}.Release|Any CPU.Build.0 = Release|Any CPU
	EndGlobalSection
	GlobalSection(SolutionProperties) = preSolution
		HideSolutionNode = FALSE
	EndGlobalSection
	GlobalSection(NestedProjects) = preSolution
		{39D73706-0A39-43D2-AE98-13F1F7F71E3C} = {5E676BA6-EFA4-403D-9C2F-A47D801C6D5F}
		{79A3D31B-9279-4840-A080-2BBD4C1CF6F0} = {5E676BA6-EFA4-403D-9C2F-A47D801C6D5F}
		{FE882F99-C8BF-4368-9BB7-88A16A99BC59} = {5E676BA6-EFA4-403D-9C2F-A47D801C6D5F}
		{07197BDE-812C-4453-AF61-4BA6E8970ECB} = {5E676BA6-EFA4-403D-9C2F-A47D801C6D5F}
		{4C0342A7-E648-4897-BBE1-4DBE030D1473} = {79A3D31B-9279-4840-A080-2BBD4C1CF6F0}
		{8F4ED147-EED6-4F3E-B275-BD506D73F43E} = {79A3D31B-9279-4840-A080-2BBD4C1CF6F0}
		{D96AA500-0786-4396-9EB3-40C7F74D44AB} = {FE882F99-C8BF-4368-9BB7-88A16A99BC59}
		{1786FEE0-7487-4B5F-B1B4-86D7637BFE9A} = {FE882F99-C8BF-4368-9BB7-88A16A99BC59}
		{C83A5D73-C8A8-49DE-B6FC-E74AC1D4D7D4} = {74D18AF3-E368-47B3-A161-13F7AB675B1B}
		{248B30AF-710F-48FB-9ADA-96027747B7BF} = {39D73706-0A39-43D2-AE98-13F1F7F71E3C}
		{1A303DD8-FB31-4794-A8A4-69A6CDE73475} = {07197BDE-812C-4453-AF61-4BA6E8970ECB}
	EndGlobalSection
	GlobalSection(ExtensibilityGlobals) = postSolution
		SolutionGuid = {4CAA9CCD-42A2-4912-B3AF-62E1D1506935}
	EndGlobalSection
EndGlobal
